
Microsoft Visual Studio Solution File, Format Version 12.00
# Visual Studio Version 17
VisualStudioVersion = 17.11.35312.102
MinimumVisualStudioVersion = 10.0.40219.1
Project("{FAE04EC0-301F-11D3-BF4B-00C04F79EFBC}") = "Movie", "Movie\Movie.csproj", "{310E1647-5117-4D66-AAF0-B53191C34219}"
EndProject
Global
	GlobalSection(SolutionConfigurationPlatforms) = preSolution
		Debug|Any CPU = Debug|Any CPU
		Release|Any CPU = Release|Any CPU
	EndGlobalSection
	GlobalSection(ProjectConfigurationPlatforms) = postSolution
		{310E1647-5117-4D66-AAF0-B53191C34219}.Debug|Any CPU.ActiveCfg = Debug|Any CPU
		{310E1647-5117-4D66-AAF0-B53191C34219}.Debug|Any CPU.Build.0 = Debug|Any CPU
		{310E1647-5117-4D66-AAF0-B53191C34219}.Release|Any CPU.ActiveCfg = Release|Any CPU
		{310E1647-5117-4D66-AAF0-B53191C34219}.Release|Any CPU.Build.0 = Release|Any CPU
	EndGlobalSection
	GlobalSection(SolutionProperties) = preSolution
		HideSolutionNode = FALSE
	EndGlobalSection
	GlobalSection(ExtensibilityGlobals) = postSolution
		SolutionGuid = {63E1954B-189D-4D0B-AE3D-B60E7CB662C2}
	EndGlobalSection
EndGlobal
